// !$*UTF8*$!
{
	archiveVersion = 1;
	classes = {
	};
	objectVersion = 46;
	objects = {

/* Begin PBXBuildFile section */
		73F5DEEB1EFAE3B10017323C /* main.m in Sources */ = {isa = PBXBuildFile; fileRef = 73F5DEEA1EFAE3B10017323C /* main.m */; };
		73F5DEEE1EFAE3B10017323C /* AppDelegate.m in Sources */ = {isa = PBXBuildFile; fileRef = 73F5DEED1EFAE3B10017323C /* AppDelegate.m */; };
		73F5DEF11EFAE3B10017323C /* EveryDoItAgain.xcdatamodeld in Sources */ = {isa = PBXBuildFile; fileRef = 73F5DEEF1EFAE3B10017323C /* EveryDoItAgain.xcdatamodeld */; };
		73F5DEF41EFAE3B10017323C /* MasterViewController.m in Sources */ = {isa = PBXBuildFile; fileRef = 73F5DEF31EFAE3B10017323C /* MasterViewController.m */; };
		73F5DEF71EFAE3B10017323C /* DetailViewController.m in Sources */ = {isa = PBXBuildFile; fileRef = 73F5DEF61EFAE3B10017323C /* DetailViewController.m */; };
		73F5DEFA1EFAE3B10017323C /* Main.storyboard in Resources */ = {isa = PBXBuildFile; fileRef = 73F5DEF81EFAE3B10017323C /* Main.storyboard */; };
		73F5DEFC1EFAE3B10017323C /* Assets.xcassets in Resources */ = {isa = PBXBuildFile; fileRef = 73F5DEFB1EFAE3B10017323C /* Assets.xcassets */; };
		73F5DEFF1EFAE3B10017323C /* LaunchScreen.storyboard in Resources */ = {isa = PBXBuildFile; fileRef = 73F5DEFD1EFAE3B10017323C /* LaunchScreen.storyboard */; };
		73F5DF401EFAFFF20017323C /* AddTodoViewController.m in Sources */ = {isa = PBXBuildFile; fileRef = 73F5DF3F1EFAFFF20017323C /* AddTodoViewController.m */; };
/* End PBXBuildFile section */

/* Begin PBXFileReference section */
		73F5DEE61EFAE3B10017323C /* EveryDoItAgain.app */ = {isa = PBXFileReference; explicitFileType = wrapper.application; includeInIndex = 0; path = EveryDoItAgain.app; sourceTree = BUILT_PRODUCTS_DIR; };
		73F5DEEA1EFAE3B10017323C /* main.m */ = {isa = PBXFileReference; lastKnownFileType = sourcecode.c.objc; path = main.m; sourceTree = "<group>"; };
		73F5DEEC1EFAE3B10017323C /* AppDelegate.h */ = {isa = PBXFileReference; lastKnownFileType = sourcecode.c.h; path = AppDelegate.h; sourceTree = "<group>"; };
		73F5DEED1EFAE3B10017323C /* AppDelegate.m */ = {isa = PBXFileReference; lastKnownFileType = sourcecode.c.objc; path = AppDelegate.m; sourceTree = "<group>"; };
		73F5DEF01EFAE3B10017323C /* EveryDoItAgain.xcdatamodel */ = {isa = PBXFileReference; lastKnownFileType = wrapper.xcdatamodel; path = EveryDoItAgain.xcdatamodel; sourceTree = "<group>"; };
		73F5DEF21EFAE3B10017323C /* MasterViewController.h */ = {isa = PBXFileReference; lastKnownFileType = sourcecode.c.h; path = MasterViewController.h; sourceTree = "<group>"; };
		73F5DEF31EFAE3B10017323C /* MasterViewController.m */ = {isa = PBXFileReference; lastKnownFileType = sourcecode.c.objc; path = MasterViewController.m; sourceTree = "<group>"; };
		73F5DEF51EFAE3B10017323C /* DetailViewController.h */ = {isa = PBXFileReference; lastKnownFileType = sourcecode.c.h; path = DetailViewController.h; sourceTree = "<group>"; };
		73F5DEF61EFAE3B10017323C /* DetailViewController.m */ = {isa = PBXFileReference; lastKnownFileType = sourcecode.c.objc; path = DetailViewController.m; sourceTree = "<group>"; };
		73F5DEF91EFAE3B10017323C /* Base */ = {isa = PBXFileReference; lastKnownFileType = file.storyboard; name = Base; path = Base.lproj/Main.storyboard; sourceTree = "<group>"; };
		73F5DEFB1EFAE3B10017323C /* Assets.xcassets */ = {isa = PBXFileReference; lastKnownFileType = folder.assetcatalog; path = Assets.xcassets; sourceTree = "<group>"; };
		73F5DEFE1EFAE3B10017323C /* Base */ = {isa = PBXFileReference; lastKnownFileType = file.storyboard; name = Base; path = Base.lproj/LaunchScreen.storyboard; sourceTree = "<group>"; };
		73F5DF001EFAE3B10017323C /* Info.plist */ = {isa = PBXFileReference; lastKnownFileType = text.plist.xml; path = Info.plist; sourceTree = "<group>"; };
		73F5DF3E1EFAFFF20017323C /* AddTodoViewController.h */ = {isa = PBXFileReference; fileEncoding = 4; lastKnownFileType = sourcecode.c.h; path = AddTodoViewController.h; sourceTree = "<group>"; };
		73F5DF3F1EFAFFF20017323C /* AddTodoViewController.m */ = {isa = PBXFileReference; fileEncoding = 4; lastKnownFileType = sourcecode.c.objc; path = AddTodoViewController.m; sourceTree = "<group>"; };
/* End PBXFileReference section */

/* Begin PBXFrameworksBuildPhase section */
		73F5DEE31EFAE3B10017323C /* Frameworks */ = {
			isa = PBXFrameworksBuildPhase;
			buildActionMask = 2147483647;
			files = (
			);
			runOnlyForDeploymentPostprocessing = 0;
		};
/* End PBXFrameworksBuildPhase section */

/* Begin PBXGroup section */
		73F5DEDD1EFAE3B10017323C = {
			isa = PBXGroup;
			children = (
				73F5DEE81EFAE3B10017323C /* EveryDoItAgain */,
				73F5DEE71EFAE3B10017323C /* Products */,
			);
			sourceTree = "<group>";
		};
		73F5DEE71EFAE3B10017323C /* Products */ = {
			isa = PBXGroup;
			children = (
				73F5DEE61EFAE3B10017323C /* EveryDoItAgain.app */,
			);
			name = Products;
			sourceTree = "<group>";
		};
		73F5DEE81EFAE3B10017323C /* EveryDoItAgain */ = {
			isa = PBXGroup;
			children = (
				73F5DEEC1EFAE3B10017323C /* AppDelegate.h */,
				73F5DEED1EFAE3B10017323C /* AppDelegate.m */,
				73F5DEF21EFAE3B10017323C /* MasterViewController.h */,
				73F5DEF31EFAE3B10017323C /* MasterViewController.m */,
				73F5DF3E1EFAFFF20017323C /* AddTodoViewController.h */,
				73F5DF3F1EFAFFF20017323C /* AddTodoViewController.m */,
				73F5DEF51EFAE3B10017323C /* DetailViewController.h */,
				73F5DEF61EFAE3B10017323C /* DetailViewController.m */,
				73F5DEF81EFAE3B10017323C /* Main.storyboard */,
				73F5DEFB1EFAE3B10017323C /* Assets.xcassets */,
				73F5DEFD1EFAE3B10017323C /* LaunchScreen.storyboard */,
				73F5DF001EFAE3B10017323C /* Info.plist */,
				73F5DEEF1EFAE3B10017323C /* EveryDoItAgain.xcdatamodeld */,
				73F5DEE91EFAE3B10017323C /* Supporting Files */,
			);
			path = EveryDoItAgain;
			sourceTree = "<group>";
		};
		73F5DEE91EFAE3B10017323C /* Supporting Files */ = {
			isa = PBXGroup;
			children = (
				73F5DEEA1EFAE3B10017323C /* main.m */,
			);
			name = "Supporting Files";
			sourceTree = "<group>";
		};
/* End PBXGroup section */

/* Begin PBXNativeTarget section */
		73F5DEE51EFAE3B10017323C /* EveryDoItAgain */ = {
			isa = PBXNativeTarget;
			buildConfigurationList = 73F5DF031EFAE3B10017323C /* Build configuration list for PBXNativeTarget "EveryDoItAgain" */;
			buildPhases = (
				73F5DEE21EFAE3B10017323C /* Sources */,
				73F5DEE31EFAE3B10017323C /* Frameworks */,
				73F5DEE41EFAE3B10017323C /* Resources */,
			);
			buildRules = (
			);
			dependencies = (
			);
			name = EveryDoItAgain;
			productName = EveryDoItAgain;
			productReference = 73F5DEE61EFAE3B10017323C /* EveryDoItAgain.app */;
			productType = "com.apple.product-type.application";
		};
/* End PBXNativeTarget section */

/* Begin PBXProject section */
		73F5DEDE1EFAE3B10017323C /* Project object */ = {
			isa = PBXProject;
			attributes = {
				LastUpgradeCheck = 0830;
				ORGANIZATIONNAME = "Kevin Cleathero";
				TargetAttributes = {
					73F5DEE51EFAE3B10017323C = {
						CreatedOnToolsVersion = 8.3.2;
						ProvisioningStyle = Automatic;
					};
				};
			};
			buildConfigurationList = 73F5DEE11EFAE3B10017323C /* Build configuration list for PBXProject "EveryDoItAgain" */;
			compatibilityVersion = "Xcode 3.2";
			developmentRegion = English;
			hasScannedForEncodings = 0;
			knownRegions = (
				en,
				Base,
			);
			mainGroup = 73F5DEDD1EFAE3B10017323C;
			productRefGroup = 73F5DEE71EFAE3B10017323C /* Products */;
			projectDirPath = "";
			projectRoot = "";
			targets = (
				73F5DEE51EFAE3B10017323C /* EveryDoItAgain */,
			);
		};
/* End PBXProject section */

/* Begin PBXResourcesBuildPhase section */
		73F5DEE41EFAE3B10017323C /* Resources */ = {
			isa = PBXResourcesBuildPhase;
			buildActionMask = 2147483647;
			files = (
				73F5DEFF1EFAE3B10017323C /* LaunchScreen.storyboard in Resources */,
				73F5DEFC1EFAE3B10017323C /* Assets.xcassets in Resources */,
				73F5DEFA1EFAE3B10017323C /* Main.storyboard in Resources */,
			);
			runOnlyForDeploymentPostprocessing = 0;
		};
/* End PBXResourcesBuildPhase section */

/* Begin PBXSourcesBuildPhase section */
		73F5DEE21EFAE3B10017323C /* Sources */ = {
			isa = PBXSourcesBuildPhase;
			buildActionMask = 2147483647;
			files = (
				73F5DEF71EFAE3B10017323C /* DetailViewController.m in Sources */,
				73F5DEF41EFAE3B10017323C /* MasterViewController.m in Sources */,
				73F5DEEE1EFAE3B10017323C /* AppDelegate.m in Sources */,
				73F5DEEB1EFAE3B10017323C /* main.m in Sources */,
				73F5DF401EFAFFF20017323C /* AddTodoViewController.m in Sources */,
				73F5DEF11EFAE3B10017323C /* EveryDoItAgain.xcdatamodeld in Sources */,
			);
			runOnlyForDeploymentPostprocessing = 0;
		};
/* End PBXSourcesBuildPhase section */

/* Begin PBXVariantGroup section */
		73F5DEF81EFAE3B10017323C /* Main.storyboard */ = {
			isa = PBXVariantGroup;
			children = (
				73F5DEF91EFAE3B10017323C /* Base */,
			);
			name = Main.storyboard;
			sourceTree = "<group>";
		};
		73F5DEFD1EFAE3B10017323C /* LaunchScreen.storyboard */ = {
			isa = PBXVariantGroup;
			children = (
				73F5DEFE1EFAE3B10017323C /* Base */,
			);
			name = LaunchScreen.storyboard;
			sourceTree = "<group>";
		};
/* End PBXVariantGroup section */

/* Begin XCBuildConfiguration section */
		73F5DF011EFAE3B10017323C /* Debug */ = {
			isa = XCBuildConfiguration;
			buildSettings = {
				ALWAYS_SEARCH_USER_PATHS = NO;
				CLANG_ANALYZER_NONNULL = YES;
				CLANG_ANALYZER_NUMBER_OBJECT_CONVERSION = YES_AGGRESSIVE;
				CLANG_CXX_LANGUAGE_STANDARD = "gnu++0x";
				CLANG_CXX_LIBRARY = "libc++";
				CLANG_ENABLE_MODULES = YES;
				CLANG_ENABLE_OBJC_ARC = YES;
				CLANG_WARN_BOOL_CONVERSION = YES;
				CLANG_WARN_CONSTANT_CONVERSION = YES;
				CLANG_WARN_DIRECT_OBJC_ISA_USAGE = YES_ERROR;
				CLANG_WARN_DOCUMENTATION_COMMENTS = YES;
				CLANG_WARN_EMPTY_BODY = YES;
				CLANG_WARN_ENUM_CONVERSION = YES;
				CLANG_WARN_INFINITE_RECURSION = YES;
				CLANG_WARN_INT_CONVERSION = YES;
				CLANG_WARN_OBJC_ROOT_CLASS = YES_ERROR;
				CLANG_WARN_SUSPICIOUS_MOVE = YES;
				CLANG_WARN_UNREACHABLE_CODE = YES;
				CLANG_WARN__DUPLICATE_METHOD_MATCH = YES;
				"CODE_SIGN_IDENTITY[sdk=iphoneos*]" = "iPhone Developer";
				COPY_PHASE_STRIP = NO;
				DEBUG_INFORMATION_FORMAT = dwarf;
				ENABLE_STRICT_OBJC_MSGSEND = YES;
				ENABLE_TESTABILITY = YES;
				GCC_C_LANGUAGE_STANDARD = gnu99;
				GCC_DYNAMIC_NO_PIC = NO;
				GCC_NO_COMMON_BLOCKS = YES;
				GCC_OPTIMIZATION_LEVEL = 0;
				GCC_PREPROCESSOR_DEFINITIONS = (
					"DEBUG=1",
					"$(inherited)",
				);
				GCC_WARN_64_TO_32_BIT_CONVERSION = YES;
				GCC_WARN_ABOUT_RETURN_TYPE = YES_ERROR;
				GCC_WARN_UNDECLARED_SELECTOR = YES;
				GCC_WARN_UNINITIALIZED_AUTOS = YES_AGGRESSIVE;
				GCC_WARN_UNUSED_FUNCTION = YES;
				GCC_WARN_UNUSED_VARIABLE = YES;
				IPHONEOS_DEPLOYMENT_TARGET = 10.3;
				MTL_ENABLE_DEBUG_INFO = YES;
				ONLY_ACTIVE_ARCH = YES;
				SDKROOT = iphoneos;
			};
			name = Debug;
		};
		73F5DF021EFAE3B10017323C /* Release */ = {
			isa = XCBuildConfiguration;
			buildSettings = {
				ALWAYS_SEARCH_USER_PATHS = NO;
				CLANG_ANALYZER_NONNULL = YES;
				CLANG_ANALYZER_NUMBER_OBJECT_CONVERSION = YES_AGGRESSIVE;
				CLANG_CXX_LANGUAGE_STANDARD = "gnu++0x";
				CLANG_CXX_LIBRARY = "libc++";
				CLANG_ENABLE_MODULES = YES;
				CLANG_ENABLE_OBJC_ARC = YES;
				CLANG_WARN_BOOL_CONVERSION = YES;
				CLANG_WARN_CONSTANT_CONVERSION = YES;
				CLANG_WARN_DIRECT_OBJC_ISA_USAGE = YES_ERROR;
				CLANG_WARN_DOCUMENTATION_COMMENTS = YES;
				CLANG_WARN_EMPTY_BODY = YES;
				CLANG_WARN_ENUM_CONVERSION = YES;
				CLANG_WARN_INFINITE_RECURSION = YES;
				CLANG_WARN_INT_CONVERSION = YES;
				CLANG_WARN_OBJC_ROOT_CLASS = YES_ERROR;
				CLANG_WARN_SUSPICIOUS_MOVE = YES;
				CLANG_WARN_UNREACHABLE_CODE = YES;
				CLANG_WARN__DUPLICATE_METHOD_MATCH = YES;
				"CODE_SIGN_IDENTITY[sdk=iphoneos*]" = "iPhone Developer";
				COPY_PHASE_STRIP = NO;
				DEBUG_INFORMATION_FORMAT = "dwarf-with-dsym";
				ENABLE_NS_ASSERTIONS = NO;
				ENABLE_STRICT_OBJC_MSGSEND = YES;
				GCC_C_LANGUAGE_STANDARD = gnu99;
				GCC_NO_COMMON_BLOCKS = YES;
				GCC_WARN_64_TO_32_BIT_CONVERSION = YES;
				GCC_WARN_ABOUT_RETURN_TYPE = YES_ERROR;
				GCC_WARN_UNDECLARED_SELECTOR = YES;
				GCC_WARN_UNINITIALIZED_AUTOS = YES_AGGRESSIVE;
				GCC_WARN_UNUSED_FUNCTION = YES;
				GCC_WARN_UNUSED_VARIABLE = YES;
				IPHONEOS_DEPLOYMENT_TARGET = 10.3;
				MTL_ENABLE_DEBUG_INFO = NO;
				SDKROOT = iphoneos;
				VALIDATE_PRODUCT = YES;
			};
			name = Release;
		};
		73F5DF041EFAE3B10017323C /* Debug */ = {
			isa = XCBuildConfiguration;
			buildSettings = {
				ASSETCATALOG_COMPILER_APPICON_NAME = AppIcon;
				INFOPLIST_FILE = EveryDoItAgain/Info.plist;
				LD_RUNPATH_SEARCH_PATHS = "$(inherited) @executable_path/Frameworks";
				PRODUCT_BUNDLE_IDENTIFIER = ignore.EveryDoItAgain;
				PRODUCT_NAME = "$(TARGET_NAME)";
			};
			name = Debug;
		};
		73F5DF051EFAE3B10017323C /* Release */ = {
			isa = XCBuildConfiguration;
			buildSettings = {
				ASSETCATALOG_COMPILER_APPICON_NAME = AppIcon;
				INFOPLIST_FILE = EveryDoItAgain/Info.plist;
				LD_RUNPATH_SEARCH_PATHS = "$(inherited) @executable_path/Frameworks";
				PRODUCT_BUNDLE_IDENTIFIER = ignore.EveryDoItAgain;
				PRODUCT_NAME = "$(TARGET_NAME)";
			};
			name = Release;
		};
/* End XCBuildConfiguration section */

/* Begin XCConfigurationList section */
		73F5DEE11EFAE3B10017323C /* Build configuration list for PBXProject "EveryDoItAgain" */ = {
			isa = XCConfigurationList;
			buildConfigurations = (
				73F5DF011EFAE3B10017323C /* Debug */,
				73F5DF021EFAE3B10017323C /* Release */,
			);
			defaultConfigurationIsVisible = 0;
			defaultConfigurationName = Release;
		};
		73F5DF031EFAE3B10017323C /* Build configuration list for PBXNativeTarget "EveryDoItAgain" */ = {
			isa = XCConfigurationList;
			buildConfigurations = (
				73F5DF041EFAE3B10017323C /* Debug */,
				73F5DF051EFAE3B10017323C /* Release */,
			);
			defaultConfigurationIsVisible = 0;
			defaultConfigurationName = Release;
		};
/* End XCConfigurationList section */

/* Begin XCVersionGroup section */
		73F5DEEF1EFAE3B10017323C /* EveryDoItAgain.xcdatamodeld */ = {
			isa = XCVersionGroup;
			children = (
				73F5DEF01EFAE3B10017323C /* EveryDoItAgain.xcdatamodel */,
			);
			currentVersion = 73F5DEF01EFAE3B10017323C /* EveryDoItAgain.xcdatamodel */;
			path = EveryDoItAgain.xcdatamodeld;
			sourceTree = "<group>";
			versionGroupType = wrapper.xcdatamodel;
		};
/* End XCVersionGroup section */
	};
	rootObject = 73F5DEDE1EFAE3B10017323C /* Project object */;
}
